
Microsoft Visual Studio Solution File, Format Version 12.00
# Visual Studio Version 17
VisualStudioVersion = 17.10.34928.147
MinimumVisualStudioVersion = 10.0.40219.1
Project("{FAE04EC0-301F-11D3-BF4B-00C04F79EFBC}") = "SchoolMS", "SchoolMS\SchoolMS.csproj", "{AA85C028-4F24-4849-AC29-60C823A3A5A7}"
EndProject
Global
	GlobalSection(SolutionConfigurationPlatforms) = preSolution
		Debug|Any CPU = Debug|Any CPU
		Release|Any CPU = Release|Any CPU
	EndGlobalSection
	GlobalSection(ProjectConfigurationPlatforms) = postSolution
		{AA85C028-4F24-4849-AC29-60C823A3A5A7}.Debug|Any CPU.ActiveCfg = Debug|Any CPU
		{AA85C028-4F24-4849-AC29-60C823A3A5A7}.Debug|Any CPU.Build.0 = Debug|Any CPU
		{AA85C028-4F24-4849-AC29-60C823A3A5A7}.Release|Any CPU.ActiveCfg = Release|Any CPU
		{AA85C028-4F24-4849-AC29-60C823A3A5A7}.Release|Any CPU.Build.0 = Release|Any CPU
	EndGlobalSection
	GlobalSection(SolutionProperties) = preSolution
		HideSolutionNode = FALSE
	EndGlobalSection
	GlobalSection(ExtensibilityGlobals) = postSolution
		SolutionGuid = {2E5E852B-C735-45F9-8C0E-25616CD3DAC2}
	EndGlobalSection
EndGlobal
